aiodns==4.0.0
aiohappyeyeballs==2.6.1
aiohttp==3.13.3
aiosignal==1.4.0
amqp==5.3.1
annotated-doc==0.0.4
annotated-types==0.7.0
anthropic==0.86.0
anyio==4.12.1
arabic-reshaper==3.0.0
asn1crypto==1.5.1
astroid==4.0.4
asyncio==4.0.0
attrs==25.4.0
audioop-lts==0.2.2
av==16.1.0
backports.zstd==1.3.0
bandit==1.9.4
bcrypt==5.0.0
beautifulsoup4==4.13.5
billiard==4.2.4
brotli==1.2.0
build==1.4.2
ccxt==4.5.40
celery==5.6.2
certifi==2026.2.25
cffi==2.0.0
chardet==3.0.4
charset-normalizer==3.4.4
chromadb==1.5.5
click==8.3.1
click-didyoumean==0.3.1
click-plugins==1.1.1.2
click-repl==0.3.0
coincurve==21.0.0
colorama==0.4.6
colorclass==2.2.2
compressed-rtf==1.0.7
comtypes==1.4.15
contourpy==1.3.3
coverage==7.13.4
cryptography==46.0.5
cssselect2==0.9.0
ctranslate2==4.7.1
cycler==0.12.1
dataclasses-json==0.6.7
dateparser==1.3.0
ddgs==9.11.4
decorator==4.4.2
deep-translator==1.11.4
defusedxml==0.7.1
dill==0.4.1
distro==1.9.0
docstring_parser==0.17.0
docx2txt==0.9
duckduckgo_search==8.1.1
durationpy==0.10
easygui==0.98.3
ebcdic==1.1.1
edge-tts==7.2.7
elevenlabs==2.39.0
et_xmlfile==2.0.0
extract-msg==0.55.0
ezdxf==1.4.3
faiss-cpu==1.13.2
fastapi==0.115.0
faster-whisper==1.2.1
filelock==3.24.3
flake8==7.3.0
flatbuffers==25.12.19
fonttools==4.61.1
freetype-py==2.5.1
frozenlist==1.8.0
fsspec==2026.2.0
glmocr==0.1.4
google-api-core==2.30.0
google-api-python-client==2.193.0
google-auth==2.49.1
google-auth-httplib2==0.3.0
google-auth-oauthlib==1.3.0
google-cloud-texttospeech==2.34.0
googleapis-common-protos==1.73.0
googletrans==4.0.0rc1
greenlet==3.3.2
grpcio==1.78.0
grpcio-status==1.78.0
gTTS==2.5.4
h11==0.16.0
h2==3.2.0
hf-xet==1.3.2
hpack==3.0.0
hstspreload==2025.1.1
html5lib==1.1
httpcore==1.0.9
httplib2==0.31.2
httptools==0.7.1
httpx==0.28.1
httpx-sse==0.4.3
huggingface_hub==1.5.0
hyperframe==5.2.0
idna==2.10
ImageIO==2.37.3
imageio-ffmpeg==0.6.0
importlib_metadata==8.7.1
importlib_resources==6.5.2
inflate64==1.0.4
iniconfig==2.3.0
interchange==2021.0.4
invoke==2.2.1
isort==8.0.1
Jinja2==3.1.6
jiter==0.13.0
joblib==1.5.3
jsonpatch==1.33
jsonpointer==3.0.0
jsonschema==4.23.0
jsonschema-specifications==2025.9.1
kiwisolver==1.4.9
kombu==5.6.2
kubernetes==35.0.0
langchain==1.2.10
langchain-classic==1.0.1
langchain-community==0.4.1
langchain-core==1.2.16
langchain-openai==1.1.10
langchain-text-splitters==1.1.1
langgraph==1.0.10
langgraph-checkpoint==4.0.1
langgraph-prebuilt==1.0.8
langgraph-sdk==0.3.9
langsmith==0.7.9
language_tool_python==3.2.2
lark==1.3.1
librt==0.8.1
loguru==0.7.3
lxml==6.0.2
markdown-it-py==4.0.0
MarkupSafe==3.0.3
marshmallow==3.26.2
matplotlib==3.10.8
mccabe==0.7.0
mdurl==0.1.2
metatrader5==5.0.5640
mmh3==5.2.1
monotonic==1.6
MouseInfo==0.1.3
moviepy==1.0.3
mpmath==1.3.0
msoffcrypto-tool==6.0.0
mss==10.1.0
multidict==6.7.1
multivolumefile==0.2.3
mutagen==1.47.0
mypy==1.19.1
mypy_extensions==1.1.0
narwhals==2.18.1
networkx==3.6.1
nltk==3.9.3
nodeenv==1.10.0
numpy==2.4.2
oauthlib==3.3.1
odfpy==1.4.1
olefile==0.47
oletools==0.60.2
onnxruntime==1.24.2
openai==2.30.0
opencv-python==4.13.0.92
openpyxl==3.1.5
opentelemetry-api==1.40.0
opentelemetry-exporter-otlp-proto-common==1.40.0
opentelemetry-exporter-otlp-proto-grpc==1.40.0
opentelemetry-proto==1.40.0
opentelemetry-sdk==1.40.0
opentelemetry-semantic-conventions==0.61b0
orjson==3.11.7
ormsgpack==1.12.2
oscrypto==1.3.0
outcome==1.3.0.post0
overrides==7.7.0
packaging==26.0
pandas==3.0.1
pansi==2024.11.0
paramiko==4.0.0
pathspec==1.0.4
patsy==1.0.2
pcodedmp==1.2.6
pdfminer.six==20251230
pdfplumber==0.11.9
pefile==2024.8.26
pillow==12.1.1
platformdirs==4.9.4
playsound3==3.3.1
playwright==1.58.0
plotly==6.6.0
pluggy==1.6.0
plyer==2.1.0
polars==1.38.1
polars-runtime-32==1.38.1
portalocker==3.2.0
praw==7.8.1
prawcore==2.4.0
primp==1.1.3
proglog==0.1.12
prompt_toolkit==3.0.52
propcache==0.4.1
proto-plus==1.27.1
protobuf==6.33.5
psutil==7.2.2
py2neo==2021.2.4
py7zr==1.1.0
pyaes==1.6.1
pyasn1==0.6.2
pyasn1_modules==0.4.2
PyAudio==0.2.14
PyAutoGUI==0.9.54
pybase64==1.4.3
pybcj==1.0.7
pycairo==1.29.0
pycares==5.0.1
pycaw==20251023
pycodestyle==2.14.0
pycparser==3.0
pycryptodome==3.23.0
pycryptodomex==3.23.0
pydantic==2.12.5
pydantic-settings==2.6.0
pydantic_core==2.41.5
pydeps==3.0.2
pydub==0.25.1
pyee==13.0.1
pyflakes==3.4.0
pygame==2.6.1
PyGetWindow==0.0.9
Pygments==2.19.2
pyHanko==0.34.1
pyhanko-certvalidator==0.30.2
PyJWT==2.11.0
pylint==4.0.5
PyMsgBox==2.0.1
PyNaCl==1.6.2
pynput==1.8.1
pyparsing==3.3.2
pypdf==6.9.1
PyPDF2==3.0.1
pypdfium2==5.6.0
pyperclip==1.11.0
PyPika==0.51.1
pypiwin32==223
pyppmd==1.3.1
pyproject_hooks==1.2.0
PyRect==0.2.0
pyright==1.1.408
PyScreeze==1.0.1
PySocks==1.7.1
pytesseract==0.3.13
pytest==8.3.5
pytest-cov==7.0.0
pytest-timeout==2.4.0
python-bidi==0.6.7
python-dateutil==2.9.0.post0
python-docx==1.2.0
python-dotenv==1.2.1
python-multipart==0.0.9
python-pptx==1.0.2
python-telegram-bot==22.6
python_binance==1.0.35
pyttsx3==2.99
pytweening==1.2.0
pytz==2025.2
pywin32==311
pywinauto==0.6.9
PyYAML==6.0.3
rarfile==4.2
red-black-tree-mod==1.22
redis==7.2.1
referencing==0.37.0
regex==2026.2.28
reportlab==4.4.10
requests==2.32.5
requests-oauthlib==2.0.0
requests-toolbelt==1.0.0
rfc3986==1.5.0
rich==14.3.3
rlPyCairo==0.4.0
rpds-py==0.30.0
rsa==4.9.1
RTFDE==0.1.2.2
ruff==0.15.5
safetensors==0.7.0
schedule==1.2.2
scikit-learn==1.8.0
scipy==1.17.1
seaborn==0.13.2
selenium==4.41.0
sentence-transformers==5.2.3
setuptools==82.0.0
shellingham==1.5.4
six==1.17.0
sniffio==1.3.1
sortedcontainers==2.4.0
sounddevice==0.5.5
soupsieve==2.8.3
SpeechRecognition==3.14.5
SQLAlchemy==2.0.47
sqlmodel==0.0.22
standard-aifc==3.13.0
standard-chunk==3.13.0
starlette==0.38.6
statsmodels==0.14.6
stdlib-list==0.12.0
stevedore==5.7.0
striprtf==0.0.29
svglib==1.6.0
sympy==1.14.0
tabulate==0.9.0
Telethon==1.42.0
tenacity==9.1.4
textblob==0.19.0
texttable==1.7.0
threadpoolctl==3.6.0
tiktoken==0.12.0
tinycss2==1.5.1
tokenizers==0.22.2
toml==0.10.2
tomlkit==0.14.0
torch==2.10.0
torchaudio==2.11.0
torchvision==0.25.0
tqdm==4.67.3
transformers==5.2.0
trio==0.33.0
trio-websocket==0.12.2
typer==0.24.1
typer-slim==0.24.0
typing-inspect==0.9.0
typing-inspection==0.4.2
typing_extensions==4.15.0
tzdata==2025.3
tzlocal==5.3.1
uiautomation==2.0.29
ultralytics==8.4.19
ultralytics-thop==2.0.18
update-checker==0.18.0
uritemplate==4.2.0
uritools==6.0.1
urllib3==2.6.3
uuid_utils==0.14.1
uvicorn==0.30.6
vine==5.1.0
vulture==2.15
watchdog==6.0.0
watchfiles==1.1.1
wcwidth==0.6.0
webencodings==0.5.1
webrtcvad==2.0.10
websocket-client==1.9.0
websockets==16.0
win32_setctime==1.2.0
win_unicode_console==0.5
wsproto==1.3.2
xhtml2pdf==0.2.17
xlrd==2.0.2
xlsxwriter==3.2.9
xxhash==3.6.0
yarl==1.22.0
yt-dlp==2026.3.17
zipp==3.23.0
zstandard==0.25.0
